
Microsoft Visual Studio Solution File, Format Version 12.00
# Visual Studio Version 17
VisualStudioVersion = 17.8.34316.72
MinimumVisualStudioVersion = 10.0.40219.1
Project("{FAE04EC0-301F-11D3-BF4B-00C04F79EFBC}") = "InterestCalculator", "InterestCalculator\InterestCalculator.csproj", "{7B83912C-F071-4DD1-B876-F3C618D31D9C}"
EndProject
Global
	GlobalSection(SolutionConfigurationPlatforms) = preSolution
		Debug|Any CPU = Debug|Any CPU
		Release|Any CPU = Release|Any CPU
	EndGlobalSection
	GlobalSection(ProjectConfigurationPlatforms) = postSolution
		{7B83912C-F071-4DD1-B876-F3C618D31D9C}.Debug|Any CPU.ActiveCfg = Debug|Any CPU
		{7B83912C-F071-4DD1-B876-F3C618D31D9C}.Debug|Any CPU.Build.0 = Debug|Any CPU
		{7B83912C-F071-4DD1-B876-F3C618D31D9C}.Release|Any CPU.ActiveCfg = Release|Any CPU
		{7B83912C-F071-4DD1-B876-F3C618D31D9C}.Release|Any CPU.Build.0 = Release|Any CPU
	EndGlobalSection
	GlobalSection(SolutionProperties) = preSolution
		HideSolutionNode = FALSE
	EndGlobalSection
	GlobalSection(ExtensibilityGlobals) = postSolution
		SolutionGuid = {881EE10B-9BAA-420C-8EA1-817E98C6948E}
	EndGlobalSection
EndGlobal
